
Microsoft Visual Studio Solution File, Format Version 12.00
# Visual Studio Version 17
VisualStudioVersion = 17.0.32126.317
MinimumVisualStudioVersion = 10.0.40219.1
Project("{8BC9CEB8-8B4A-11D0-8D11-00A0C91BC942}") = "RandomGenerator", "RandomGenerator\RandomGenerator.vcxproj", "{1AFECD23-59A5-4FCF-8755-8F28491D2190}"
EndProject
Project("{8BC9CEB8-8B4A-11D0-8D11-00A0C91BC942}") = "SDE", "SDE\SDE.vcxproj", "{296CB833-0F76-4835-B4A8-C23D897B49FD}"
EndProject
Project("{8BC9CEB8-8B4A-11D0-8D11-00A0C91BC942}") = "Tester", "Tester\Tester.vcxproj", "{58B45738-FAB9-4D79-8120-D54CE0BBA954}"
EndProject
Global
	GlobalSection(SolutionConfigurationPlatforms) = preSolution
		Debug|x64 = Debug|x64
		Debug|x86 = Debug|x86
		Release|x64 = Release|x64
		Release|x86 = Release|x86
	EndGlobalSection
	GlobalSection(ProjectConfigurationPlatforms) = postSolution
		{1AFECD23-59A5-4FCF-8755-8F28491D2190}.Debug|x64.ActiveCfg = Debug|x64
		{1AFECD23-59A5-4FCF-8755-8F28491D2190}.Debug|x64.Build.0 = Debug|x64
		{1AFECD23-59A5-4FCF-8755-8F28491D2190}.Debug|x86.ActiveCfg = Debug|Win32
		{1AFECD23-59A5-4FCF-8755-8F28491D2190}.Debug|x86.Build.0 = Debug|Win32
		{1AFECD23-59A5-4FCF-8755-8F28491D2190}.Release|x64.ActiveCfg = Release|x64
		{1AFECD23-59A5-4FCF-8755-8F28491D2190}.Release|x64.Build.0 = Release|x64
		{1AFECD23-59A5-4FCF-8755-8F28491D2190}.Release|x86.ActiveCfg = Release|Win32
		{1AFECD23-59A5-4FCF-8755-8F28491D2190}.Release|x86.Build.0 = Release|Win32
		{296CB833-0F76-4835-B4A8-C23D897B49FD}.Debug|x64.ActiveCfg = Debug|x64
		{296CB833-0F76-4835-B4A8-C23D897B49FD}.Debug|x64.Build.0 = Debug|x64
		{296CB833-0F76-4835-B4A8-C23D897B49FD}.Debug|x86.ActiveCfg = Debug|Win32
		{296CB833-0F76-4835-B4A8-C23D897B49FD}.Debug|x86.Build.0 = Debug|Win32
		{296CB833-0F76-4835-B4A8-C23D897B49FD}.Release|x64.ActiveCfg = Release|x64
		{296CB833-0F76-4835-B4A8-C23D897B49FD}.Release|x64.Build.0 = Release|x64
		{296CB833-0F76-4835-B4A8-C23D897B49FD}.Release|x86.ActiveCfg = Release|Win32
		{296CB833-0F76-4835-B4A8-C23D897B49FD}.Release|x86.Build.0 = Release|Win32
		{58B45738-FAB9-4D79-8120-D54CE0BBA954}.Debug|x64.ActiveCfg = Debug|x64
		{58B45738-FAB9-4D79-8120-D54CE0BBA954}.Debug|x64.Build.0 = Debug|x64
		{58B45738-FAB9-4D79-8120-D54CE0BBA954}.Debug|x86.ActiveCfg = Debug|Win32
		{58B45738-FAB9-4D79-8120-D54CE0BBA954}.Debug|x86.Build.0 = Debug|Win32
		{58B45738-FAB9-4D79-8120-D54CE0BBA954}.Release|x64.ActiveCfg = Release|x64
		{58B45738-FAB9-4D79-8120-D54CE0BBA954}.Release|x64.Build.0 = Release|x64
		{58B45738-FAB9-4D79-8120-D54CE0BBA954}.Release|x86.ActiveCfg = Release|Win32
		{58B45738-FAB9-4D79-8120-D54CE0BBA954}.Release|x86.Build.0 = Release|Win32
	EndGlobalSection
	GlobalSection(SolutionProperties) = preSolution
		HideSolutionNode = FALSE
	EndGlobalSection
	GlobalSection(ExtensibilityGlobals) = postSolution
		SolutionGuid = {1BC36E8A-19C6-4AB7-837E-140DAB686C81}
	EndGlobalSection
EndGlobal
